<?xml version="1.0" encoding="utf-8"?>
<Project ToolsVersion="4.0" xmlns="http://schemas.microsoft.com/developer/msbuild/2003">
  <ItemGroup>
    <Filter Include="Generated Files">
      <UniqueIdentifier>{71ED8ED8-ACB9-4CE9-BBE1-E00B30144E11}</UniqueIdentifier>
      <Extensions>cpp;c;cxx;moc;h;def;odl;idl;res;</Extensions>
    </Filter>
    <Filter Include="Generated Files">
      <UniqueIdentifier>{71ED8ED8-ACB9-4CE9-BBE1-E00B30144E11}</UniqueIdentifier>
      <Extensions>cpp;c;cxx;moc;h;def;odl;idl;res;</Extensions>
    </Filter>
    <Filter Include="Header Files">
      <UniqueIdentifier>{93995380-89BD-4b04-88EB-625FBE52EBFB}</UniqueIdentifier>
      <Extensions>h;hpp;hxx;hm;inl;inc;xsd</Extensions>
    </Filter>
    <Filter Include="Header Files">
      <UniqueIdentifier>{93995380-89BD-4b04-88EB-625FBE52EBFB}</UniqueIdentifier>
      <Extensions>h;hpp;hxx;hm;inl;inc;xsd</Extensions>
    </Filter>
    <Filter Include="Resource Files">
      <UniqueIdentifier>{D9D6E242-F8AF-46E4-B9FD-80ECBC20BA3E}</UniqueIdentifier>
      <Extensions>qrc;*</Extensions>
      <ParseFiles>false</ParseFiles>
    </Filter>
    <Filter Include="Resource Files">
      <UniqueIdentifier>{D9D6E242-F8AF-46E4-B9FD-80ECBC20BA3E}</UniqueIdentifier>
      <Extensions>qrc;*</Extensions>
      <ParseFiles>false</ParseFiles>
    </Filter>
    <Filter Include="Source Files">
      <UniqueIdentifier>{4FC737F1-C7A5-4376-A066-2A32D752A2FF}</UniqueIdentifier>
      <Extensions>cpp;c;cxx;def;odl;idl;hpj;bat;asm;asmx</Extensions>
    </Filter>
    <Filter Include="Source Files">
      <UniqueIdentifier>{4FC737F1-C7A5-4376-A066-2A32D752A2FF}</UniqueIdentifier>
      <Extensions>cpp;c;cxx;def;odl;idl;hpj;bat;asm;asmx</Extensions>
    </Filter>
  </ItemGroup>
  <ItemGroup>
    <ClCompile Include="arrowheadgraphic.cpp">
      <Filter>Source Files</Filter>
    </ClCompile>
    <ClCompile Include="buttongraphic.cpp">
      <Filter>Source Files</Filter>
    </ClCompile>
    <ClCompile Include="cornergrabber.cpp">
      <Filter>Source Files</Filter>
    </ClCompile>
    <ClCompile Include="customgraphicsscene.cpp">
      <Filter>Source Files</Filter>
    </ClCompile>
    <ClCompile Include="customgraphicsview.cpp">
      <Filter>Source Files</Filter>
    </ClCompile>
    <ClCompile Include="elbowgrabber.cpp">
      <Filter>Source Files</Filter>
    </ClCompile>
    <ClCompile Include="fixedtextblock.cpp">
      <Filter>Source Files</Filter>
    </ClCompile>
    <ClCompile Include="keycontroller.cpp">
      <Filter>Source Files</Filter>
    </ClCompile>
    <ClCompile Include="linesegmentgraphic.cpp">
      <Filter>Source Files</Filter>
    </ClCompile>
    <ClCompile Include="maskedtextedit.cpp">
      <Filter>Source Files</Filter>
    </ClCompile>
    <ClCompile Include="mousecontroller.cpp">
      <Filter>Source Files</Filter>
    </ClCompile>
    <ClCompile Include="scgraphicsview.cpp">
      <Filter>Source Files</Filter>
    </ClCompile>
    <ClCompile Include="selectableboxgraphic.cpp">
      <Filter>Source Files</Filter>
    </ClCompile>
    <ClCompile Include="selectablelinesegmentgraphic.cpp">
      <Filter>Source Files</Filter>
    </ClCompile>
    <ClCompile Include="selectabletextblock.cpp">
      <Filter>Source Files</Filter>
    </ClCompile>
    <ClCompile Include="stateboxgraphic.cpp">
      <Filter>Source Files</Filter>
    </ClCompile>
    <ClCompile Include="texteditbox.cpp">
      <Filter>Source Files</Filter>
    </ClCompile>
    <ClCompile Include="textformattoolbar.cpp">
      <Filter>Source Files</Filter>
    </ClCompile>
    <ClCompile Include="togglebutton.cpp">
      <Filter>Source Files</Filter>
    </ClCompile>
    <ClCompile Include="transitiongraphic.cpp">
      <Filter>Source Files</Filter>
    </ClCompile>
  </ItemGroup>
  <ItemGroup>
    <ClInclude Include="arrowheadgraphic.h">
      <Filter>Header Files</Filter>
    </ClInclude>
    <CustomBuild Include="buttongraphic.h">
      <Filter>Header Files</Filter>
    </CustomBuild>
    <ClInclude Include="cornergrabber.h">
      <Filter>Header Files</Filter>
    </ClInclude>
    <CustomBuild Include="customgraphicsscene.h">
      <Filter>Header Files</Filter>
    </CustomBuild>
    <ClInclude Include="customgraphicsview.h">
      <Filter>Header Files</Filter>
    </ClInclude>
    <CustomBuild Include="elbowgrabber.h">
      <Filter>Header Files</Filter>
    </CustomBuild>
    <CustomBuild Include="fixedtextblock.h">
      <Filter>Header Files</Filter>
    </CustomBuild>
    <CustomBuild Include="keycontroller.h">
      <Filter>Header Files</Filter>
    </CustomBuild>
    <ClInclude Include="linesegmentgraphic.h">
      <Filter>Header Files</Filter>
    </ClInclude>
    <CustomBuild Include="maskedtextedit.h">
      <Filter>Header Files</Filter>
    </CustomBuild>
    <CustomBuild Include="mousecontroller.h">
      <Filter>Header Files</Filter>
    </CustomBuild>
    <CustomBuild Include="scgraphicsview.h">
      <Filter>Header Files</Filter>
    </CustomBuild>
    <ClInclude Include="scgraphicsview_global.h">
      <Filter>Header Files</Filter>
    </ClInclude>
    <CustomBuild Include="selectableboxgraphic.h">
      <Filter>Header Files</Filter>
    </CustomBuild>
    <CustomBuild Include="selectablelinesegmentgraphic.h">
      <Filter>Header Files</Filter>
    </CustomBuild>
    <CustomBuild Include="selectabletextblock.h">
      <Filter>Header Files</Filter>
    </CustomBuild>
    <CustomBuild Include="stateboxgraphic.h">
      <Filter>Header Files</Filter>
    </CustomBuild>
    <CustomBuild Include="texteditbox.h">
      <Filter>Header Files</Filter>
    </CustomBuild>
    <CustomBuild Include="textformattoolbar.h">
      <Filter>Header Files</Filter>
    </CustomBuild>
    <CustomBuild Include="togglebutton.h">
      <Filter>Header Files</Filter>
    </CustomBuild>
    <CustomBuild Include="transitiongraphic.h">
      <Filter>Header Files</Filter>
    </CustomBuild>
  </ItemGroup>
  <ItemGroup>
    <ClCompile Include="..\bin\debug\moc_buttongraphic.cpp">
      <Filter>Generated Files</Filter>
    </ClCompile>
    <ClCompile Include="..\bin\release\moc_buttongraphic.cpp">
      <Filter>Generated Files</Filter>
    </ClCompile>
    <ClCompile Include="..\bin\debug\moc_customgraphicsscene.cpp">
      <Filter>Generated Files</Filter>
    </ClCompile>
    <ClCompile Include="..\bin\release\moc_customgraphicsscene.cpp">
      <Filter>Generated Files</Filter>
    </ClCompile>
    <ClCompile Include="..\bin\debug\moc_elbowgrabber.cpp">
      <Filter>Generated Files</Filter>
    </ClCompile>
    <ClCompile Include="..\bin\release\moc_elbowgrabber.cpp">
      <Filter>Generated Files</Filter>
    </ClCompile>
    <ClCompile Include="..\bin\debug\moc_fixedtextblock.cpp">
      <Filter>Generated Files</Filter>
    </ClCompile>
    <ClCompile Include="..\bin\release\moc_fixedtextblock.cpp">
      <Filter>Generated Files</Filter>
    </ClCompile>
    <ClCompile Include="..\bin\debug\moc_keycontroller.cpp">
      <Filter>Generated Files</Filter>
    </ClCompile>
    <ClCompile Include="..\bin\release\moc_keycontroller.cpp">
      <Filter>Generated Files</Filter>
    </ClCompile>
    <ClCompile Include="..\bin\debug\moc_maskedtextedit.cpp">
      <Filter>Generated Files</Filter>
    </ClCompile>
    <ClCompile Include="..\bin\release\moc_maskedtextedit.cpp">
      <Filter>Generated Files</Filter>
    </ClCompile>
    <ClCompile Include="..\bin\debug\moc_mousecontroller.cpp">
      <Filter>Generated Files</Filter>
    </ClCompile>
    <ClCompile Include="..\bin\release\moc_mousecontroller.cpp">
      <Filter>Generated Files</Filter>
    </ClCompile>
    <ClCompile Include="..\bin\debug\moc_scgraphicsview.cpp">
      <Filter>Generated Files</Filter>
    </ClCompile>
    <ClCompile Include="..\bin\release\moc_scgraphicsview.cpp">
      <Filter>Generated Files</Filter>
    </ClCompile>
    <ClCompile Include="..\bin\debug\moc_selectableboxgraphic.cpp">
      <Filter>Generated Files</Filter>
    </ClCompile>
    <ClCompile Include="..\bin\release\moc_selectableboxgraphic.cpp">
      <Filter>Generated Files</Filter>
    </ClCompile>
    <ClCompile Include="..\bin\debug\moc_selectablelinesegmentgraphic.cpp">
      <Filter>Generated Files</Filter>
    </ClCompile>
    <ClCompile Include="..\bin\release\moc_selectablelinesegmentgraphic.cpp">
      <Filter>Generated Files</Filter>
    </ClCompile>
    <ClCompile Include="..\bin\debug\moc_selectabletextblock.cpp">
      <Filter>Generated Files</Filter>
    </ClCompile>
    <ClCompile Include="..\bin\release\moc_selectabletextblock.cpp">
      <Filter>Generated Files</Filter>
    </ClCompile>
    <ClCompile Include="..\bin\debug\moc_stateboxgraphic.cpp">
      <Filter>Generated Files</Filter>
    </ClCompile>
    <ClCompile Include="..\bin\release\moc_stateboxgraphic.cpp">
      <Filter>Generated Files</Filter>
    </ClCompile>
    <ClCompile Include="..\bin\debug\moc_texteditbox.cpp">
      <Filter>Generated Files</Filter>
    </ClCompile>
    <ClCompile Include="..\bin\release\moc_texteditbox.cpp">
      <Filter>Generated Files</Filter>
    </ClCompile>
    <ClCompile Include="..\bin\debug\moc_textformattoolbar.cpp">
      <Filter>Generated Files</Filter>
    </ClCompile>
    <ClCompile Include="..\bin\release\moc_textformattoolbar.cpp">
      <Filter>Generated Files</Filter>
    </ClCompile>
    <ClCompile Include="..\bin\debug\moc_togglebutton.cpp">
      <Filter>Generated Files</Filter>
    </ClCompile>
    <ClCompile Include="..\bin\release\moc_togglebutton.cpp">
      <Filter>Generated Files</Filter>
    </ClCompile>
    <ClCompile Include="..\bin\debug\moc_transitiongraphic.cpp">
      <Filter>Generated Files</Filter>
    </ClCompile>
    <ClCompile Include="..\bin\release\moc_transitiongraphic.cpp">
      <Filter>Generated Files</Filter>
    </ClCompile>
    <ClCompile Include="..\bin\debug\qrc_scgraphicsview.cpp">
      <Filter>Generated Files</Filter>
    </ClCompile>
    <ClCompile Include="..\bin\release\qrc_scgraphicsview.cpp">
      <Filter>Generated Files</Filter>
    </ClCompile>
  </ItemGroup>
  <ItemGroup>
    <None Include="-26.png">
      <Filter>Resource Files</Filter>
    </None>
    <None Include="Chevron">
      <Filter>Resource Files</Filter>
    </None>
    <None Include="resources\Circled">
      <Filter>Resource Files</Filter>
    </None>
    <None Include="Down-26.png">
      <Filter>Resource Files</Filter>
    </None>
    <None Include="resources\Grid-50.png">
      <Filter>Resource Files</Filter>
    </None>
    <None Include="Left">
      <Filter>Resource Files</Filter>
    </None>
    <None Include="resources\bold.png">
      <Filter>Resource Files</Filter>
    </None>
    <None Include="resources\circledchevrondown.png">
      <Filter>Resource Files</Filter>
    </None>
    <None Include="resources\indexcard.png">
      <Filter>Resource Files</Filter>
    </None>
    <None Include="resources\italic.png">
      <Filter>Resource Files</Filter>
    </None>
    <None Include="resources\picture.png">
      <Filter>Resource Files</Filter>
    </None>
    <None Include="resources\red_x_16_16.png">
      <Filter>Resource Files</Filter>
    </None>
    <None Include="resources\red_x_depressed_16_16.png">
      <Filter>Resource Files</Filter>
    </None>
    <None Include="resources\red_x_hovered_16_16.png">
      <Filter>Resource Files</Filter>
    </None>
    <None Include="resources\savefileicon_16_16.png">
      <Filter>Resource Files</Filter>
    </None>
    <None Include="resources\savefileicon_depressed_16_16.png">
      <Filter>Resource Files</Filter>
    </None>
    <None Include="resources\savefileicon_hovered_16_16.png">
      <Filter>Resource Files</Filter>
    </None>
    <CustomBuild Include="resources\scgraphicsview.qrc">
      <Filter>Resource Files</Filter>
    </CustomBuild>
  </ItemGroup>
</Project>