<?xml version="1.0" encoding="utf-8"?>
<Project ToolsVersion="4.0" xmlns="http://schemas.microsoft.com/developer/msbuild/2003">
  <ItemGroup>
    <Filter Include="Generated Files">
      <UniqueIdentifier>{71ED8ED8-ACB9-4CE9-BBE1-E00B30144E11}</UniqueIdentifier>
      <Extensions>cpp;c;cxx;moc;h;def;odl;idl;res;</Extensions>
    </Filter>
    <Filter Include="Generated Files">
      <UniqueIdentifier>{71ED8ED8-ACB9-4CE9-BBE1-E00B30144E11}</UniqueIdentifier>
      <Extensions>cpp;c;cxx;moc;h;def;odl;idl;res;</Extensions>
    </Filter>
    <Filter Include="Header Files">
      <UniqueIdentifier>{93995380-89BD-4b04-88EB-625FBE52EBFB}</UniqueIdentifier>
      <Extensions>h;hpp;hxx;hm;inl;inc;xsd</Extensions>
    </Filter>
    <Filter Include="Header Files">
      <UniqueIdentifier>{93995380-89BD-4b04-88EB-625FBE52EBFB}</UniqueIdentifier>
      <Extensions>h;hpp;hxx;hm;inl;inc;xsd</Extensions>
    </Filter>
    <Filter Include="Source Files">
      <UniqueIdentifier>{4FC737F1-C7A5-4376-A066-2A32D752A2FF}</UniqueIdentifier>
      <Extensions>cpp;c;cxx;def;odl;idl;hpj;bat;asm;asmx</Extensions>
    </Filter>
    <Filter Include="Source Files">
      <UniqueIdentifier>{4FC737F1-C7A5-4376-A066-2A32D752A2FF}</UniqueIdentifier>
      <Extensions>cpp;c;cxx;def;odl;idl;hpj;bat;asm;asmx</Extensions>
    </Filter>
  </ItemGroup>
  <ItemGroup>
    <ClCompile Include="iattribute.cpp">
      <Filter>Source Files</Filter>
    </ClCompile>
    <ClCompile Include="idattribute.cpp">
      <Filter>Source Files</Filter>
    </ClCompile>
    <ClCompile Include="positionattribute.cpp">
      <Filter>Source Files</Filter>
    </ClCompile>
    <ClCompile Include="scdatamodel.cpp">
      <Filter>Source Files</Filter>
    </ClCompile>
    <ClCompile Include="scforkedtransition.cpp">
      <Filter>Source Files</Filter>
    </ClCompile>
    <ClCompile Include="scitem.cpp">
      <Filter>Source Files</Filter>
    </ClCompile>
    <ClCompile Include="scstate.cpp">
      <Filter>Source Files</Filter>
    </ClCompile>
    <ClCompile Include="sctransition.cpp">
      <Filter>Source Files</Filter>
    </ClCompile>
    <ClCompile Include="sctransitionbranch.cpp">
      <Filter>Source Files</Filter>
    </ClCompile>
    <ClCompile Include="scxmlreader.cpp">
      <Filter>Source Files</Filter>
    </ClCompile>
    <ClCompile Include="sizeattribute.cpp">
      <Filter>Source Files</Filter>
    </ClCompile>
    <ClCompile Include="stateattributes.cpp">
      <Filter>Source Files</Filter>
    </ClCompile>
    <ClCompile Include="textblock.cpp">
      <Filter>Source Files</Filter>
    </ClCompile>
    <ClCompile Include="textblockattributes.cpp">
      <Filter>Source Files</Filter>
    </ClCompile>
    <ClCompile Include="transitionattributes.cpp">
      <Filter>Source Files</Filter>
    </ClCompile>
  </ItemGroup>
  <ItemGroup>
    <ClInclude Include="SCDataModel_global.h">
      <Filter>Header Files</Filter>
    </ClInclude>
    <CustomBuild Include="iattribute.h">
      <Filter>Header Files</Filter>
    </CustomBuild>
    <ClInclude Include="idattribute.h">
      <Filter>Header Files</Filter>
    </ClInclude>
    <ClInclude Include="positionattribute.h">
      <Filter>Header Files</Filter>
    </ClInclude>
    <CustomBuild Include="scdatamodel.h">
      <Filter>Header Files</Filter>
    </CustomBuild>
    <CustomBuild Include="scforkedtransition.h">
      <Filter>Header Files</Filter>
    </CustomBuild>
    <CustomBuild Include="scitem.h">
      <Filter>Header Files</Filter>
    </CustomBuild>
    <CustomBuild Include="scstate.h">
      <Filter>Header Files</Filter>
    </CustomBuild>
    <CustomBuild Include="sctransition.h">
      <Filter>Header Files</Filter>
    </CustomBuild>
    <CustomBuild Include="sctransitionbranch.h">
      <Filter>Header Files</Filter>
    </CustomBuild>
    <CustomBuild Include="scxmlreader.h">
      <Filter>Header Files</Filter>
    </CustomBuild>
    <ClInclude Include="sizeattribute.h">
      <Filter>Header Files</Filter>
    </ClInclude>
    <CustomBuild Include="stateattributes.h">
      <Filter>Header Files</Filter>
    </CustomBuild>
    <CustomBuild Include="textblock.h">
      <Filter>Header Files</Filter>
    </CustomBuild>
    <CustomBuild Include="textblockattributes.h">
      <Filter>Header Files</Filter>
    </CustomBuild>
    <CustomBuild Include="transitionattributes.h">
      <Filter>Header Files</Filter>
    </CustomBuild>
  </ItemGroup>
  <ItemGroup>
    <ClCompile Include="..\bin\debug\moc_iattribute.cpp">
      <Filter>Generated Files</Filter>
    </ClCompile>
    <ClCompile Include="..\bin\release\moc_iattribute.cpp">
      <Filter>Generated Files</Filter>
    </ClCompile>
    <ClCompile Include="..\bin\debug\moc_scdatamodel.cpp">
      <Filter>Generated Files</Filter>
    </ClCompile>
    <ClCompile Include="..\bin\release\moc_scdatamodel.cpp">
      <Filter>Generated Files</Filter>
    </ClCompile>
    <ClCompile Include="..\bin\debug\moc_scforkedtransition.cpp">
      <Filter>Generated Files</Filter>
    </ClCompile>
    <ClCompile Include="..\bin\release\moc_scforkedtransition.cpp">
      <Filter>Generated Files</Filter>
    </ClCompile>
    <ClCompile Include="..\bin\debug\moc_scitem.cpp">
      <Filter>Generated Files</Filter>
    </ClCompile>
    <ClCompile Include="..\bin\release\moc_scitem.cpp">
      <Filter>Generated Files</Filter>
    </ClCompile>
    <ClCompile Include="..\bin\debug\moc_scstate.cpp">
      <Filter>Generated Files</Filter>
    </ClCompile>
    <ClCompile Include="..\bin\release\moc_scstate.cpp">
      <Filter>Generated Files</Filter>
    </ClCompile>
    <ClCompile Include="..\bin\debug\moc_sctransition.cpp">
      <Filter>Generated Files</Filter>
    </ClCompile>
    <ClCompile Include="..\bin\release\moc_sctransition.cpp">
      <Filter>Generated Files</Filter>
    </ClCompile>
    <ClCompile Include="..\bin\debug\moc_sctransitionbranch.cpp">
      <Filter>Generated Files</Filter>
    </ClCompile>
    <ClCompile Include="..\bin\release\moc_sctransitionbranch.cpp">
      <Filter>Generated Files</Filter>
    </ClCompile>
    <ClCompile Include="..\bin\debug\moc_scxmlreader.cpp">
      <Filter>Generated Files</Filter>
    </ClCompile>
    <ClCompile Include="..\bin\release\moc_scxmlreader.cpp">
      <Filter>Generated Files</Filter>
    </ClCompile>
    <ClCompile Include="..\bin\debug\moc_stateattributes.cpp">
      <Filter>Generated Files</Filter>
    </ClCompile>
    <ClCompile Include="..\bin\release\moc_stateattributes.cpp">
      <Filter>Generated Files</Filter>
    </ClCompile>
    <ClCompile Include="..\bin\debug\moc_textblock.cpp">
      <Filter>Generated Files</Filter>
    </ClCompile>
    <ClCompile Include="..\bin\release\moc_textblock.cpp">
      <Filter>Generated Files</Filter>
    </ClCompile>
    <ClCompile Include="..\bin\debug\moc_textblockattributes.cpp">
      <Filter>Generated Files</Filter>
    </ClCompile>
    <ClCompile Include="..\bin\release\moc_textblockattributes.cpp">
      <Filter>Generated Files</Filter>
    </ClCompile>
    <ClCompile Include="..\bin\debug\moc_transitionattributes.cpp">
      <Filter>Generated Files</Filter>
    </ClCompile>
    <ClCompile Include="..\bin\release\moc_transitionattributes.cpp">
      <Filter>Generated Files</Filter>
    </ClCompile>
  </ItemGroup>
</Project>